{
  "name": "Cosine Simillaaffefe",
  "lockfileVersion": 2,
  "requires": true,
  "packages": {
    "": {
      "dependencies": {
        "string-cosine-similarity": "^2.0.1"
      }
    },
    "node_modules/string-cosine-similarity": {
      "version": "2.0.1",
      "resolved": "https://registry.npmjs.org/string-cosine-similarity/-/string-cosine-similarity-2.0.1.tgz",
      "integrity": "sha512-i3XgTMygBFGyvK6ZAgQfGJ71RtraQg4xLcwbpOCpiBnUxPfOGpLJFMIPkE0q0XtIvuzyp+Rwa8KEFDiWMcfC1A=="
    }
  },
  "dependencies": {
    "string-cosine-similarity": {
      "version": "2.0.1",
      "resolved": "https://registry.npmjs.org/string-cosine-similarity/-/string-cosine-similarity-2.0.1.tgz",
      "integrity": "sha512-i3XgTMygBFGyvK6ZAgQfGJ71RtraQg4xLcwbpOCpiBnUxPfOGpLJFMIPkE0q0XtIvuzyp+Rwa8KEFDiWMcfC1A=="
    }
  }
}
